
Microsoft Visual Studio Solution File, Format Version 12.00
# Visual Studio Version 17
VisualStudioVersion = 17.5.33414.496
MinimumVisualStudioVersion = 10.0.40219.1
Project("{FAE04EC0-301F-11D3-BF4B-00C04F79EFBC}") = "Talegen.Configuration.Server.Core.Models", "Talegen.Configuration.Server.Core.Models.csproj", "{084DCA15-31A6-4EAF-9B94-D7B1BA332526}"
EndProject
Global
	GlobalSection(SolutionConfigurationPlatforms) = preSolution
		Debug|Any CPU = Debug|Any CPU
		Release|Any CPU = Release|Any CPU
	EndGlobalSection
	GlobalSection(ProjectConfigurationPlatforms) = postSolution
		{084DCA15-31A6-4EAF-9B94-D7B1BA332526}.Debug|Any CPU.ActiveCfg = Debug|Any CPU
		{084DCA15-31A6-4EAF-9B94-D7B1BA332526}.Debug|Any CPU.Build.0 = Debug|Any CPU
		{084DCA15-31A6-4EAF-9B94-D7B1BA332526}.Release|Any CPU.ActiveCfg = Release|Any CPU
		{084DCA15-31A6-4EAF-9B94-D7B1BA332526}.Release|Any CPU.Build.0 = Release|Any CPU
	EndGlobalSection
	GlobalSection(SolutionProperties) = preSolution
		HideSolutionNode = FALSE
	EndGlobalSection
	GlobalSection(ExtensibilityGlobals) = postSolution
		SolutionGuid = {66ACE008-A9FB-4B79-A689-3DEECC639ED6}
	EndGlobalSection
EndGlobal
